
Microsoft Visual Studio Solution File, Format Version 10.00
# Visual C++ Express 2008
Project("{8BC9CEB8-8B4A-11D0-8D11-00A0C91BC942}") = "context2newSM", "context2newSM\context2newSM.vcproj", "{FC5BE1C0-AA36-4521-8E4C-808E646EA4A3}"
EndProject
Global
	GlobalSection(SolutionConfigurationPlatforms) = preSolution
		Debug|Win32 = Debug|Win32
		Release|Win32 = Release|Win32
	EndGlobalSection
	GlobalSection(ProjectConfigurationPlatforms) = postSolution
		{FC5BE1C0-AA36-4521-8E4C-808E646EA4A3}.Debug|Win32.ActiveCfg = Debug|Win32
		{FC5BE1C0-AA36-4521-8E4C-808E646EA4A3}.Debug|Win32.Build.0 = Debug|Win32
		{FC5BE1C0-AA36-4521-8E4C-808E646EA4A3}.Release|Win32.ActiveCfg = Release|Win32
		{FC5BE1C0-AA36-4521-8E4C-808E646EA4A3}.Release|Win32.Build.0 = Release|Win32
	EndGlobalSection
	GlobalSection(SolutionProperties) = preSolution
		HideSolutionNode = FALSE
	EndGlobalSection
EndGlobal
